
Microsoft Visual Studio Solution File, Format Version 12.00
# Visual Studio 2013
VisualStudioVersion = 12.0.21005.1
MinimumVisualStudioVersion = 10.0.40219.1
Project("{8BC9CEB8-8B4A-11D0-8D11-00A0C91BC942}") = "92.POJ-1905 Expanding Rods", "92.POJ-1905 Expanding Rods\92.POJ-1905 Expanding Rods.vcxproj", "{64FB9AE3-32D8-4D02-9B58-141F81186FAC}"
EndProject
Global
	GlobalSection(SolutionConfigurationPlatforms) = preSolution
		Debug|Win32 = Debug|Win32
		Release|Win32 = Release|Win32
	EndGlobalSection
	GlobalSection(ProjectConfigurationPlatforms) = postSolution
		{64FB9AE3-32D8-4D02-9B58-141F81186FAC}.Debug|Win32.ActiveCfg = Debug|Win32
		{64FB9AE3-32D8-4D02-9B58-141F81186FAC}.Debug|Win32.Build.0 = Debug|Win32
		{64FB9AE3-32D8-4D02-9B58-141F81186FAC}.Release|Win32.ActiveCfg = Release|Win32
		{64FB9AE3-32D8-4D02-9B58-141F81186FAC}.Release|Win32.Build.0 = Release|Win32
	EndGlobalSection
	GlobalSection(SolutionProperties) = preSolution
		HideSolutionNode = FALSE
	EndGlobalSection
EndGlobal
