
Microsoft Visual Studio Solution File, Format Version 12.00
# Visual Studio 2013
VisualStudioVersion = 12.0.21005.1
MinimumVisualStudioVersion = 10.0.40219.1
Project("{8BC9CEB8-8B4A-11D0-8D11-00A0C91BC942}") = "79.Oil Deposits", "79.Oil Deposits\79.Oil Deposits.vcxproj", "{1A844092-ABD5-4855-AE7C-5DD33798E195}"
EndProject
Global
	GlobalSection(SolutionConfigurationPlatforms) = preSolution
		Debug|Win32 = Debug|Win32
		Release|Win32 = Release|Win32
	EndGlobalSection
	GlobalSection(ProjectConfigurationPlatforms) = postSolution
		{1A844092-ABD5-4855-AE7C-5DD33798E195}.Debug|Win32.ActiveCfg = Debug|Win32
		{1A844092-ABD5-4855-AE7C-5DD33798E195}.Debug|Win32.Build.0 = Debug|Win32
		{1A844092-ABD5-4855-AE7C-5DD33798E195}.Release|Win32.ActiveCfg = Release|Win32
		{1A844092-ABD5-4855-AE7C-5DD33798E195}.Release|Win32.Build.0 = Release|Win32
	EndGlobalSection
	GlobalSection(SolutionProperties) = preSolution
		HideSolutionNode = FALSE
	EndGlobalSection
EndGlobal
